
Microsoft Visual Studio Solution File, Format Version 12.00
# Visual Studio Version 17
VisualStudioVersion = 17.9.34616.47
MinimumVisualStudioVersion = 10.0.40219.1
Project("{FAE04EC0-301F-11D3-BF4B-00C04F79EFBC}") = "SchoolSystem", "SchoolSystem\SchoolSystem.csproj", "{2C751942-FACC-42D8-BE10-F23E32D81FAE}"
EndProject
Global
	GlobalSection(SolutionConfigurationPlatforms) = preSolution
		Debug|Any CPU = Debug|Any CPU
		Release|Any CPU = Release|Any CPU
	EndGlobalSection
	GlobalSection(ProjectConfigurationPlatforms) = postSolution
		{2C751942-FACC-42D8-BE10-F23E32D81FAE}.Debug|Any CPU.ActiveCfg = Debug|Any CPU
		{2C751942-FACC-42D8-BE10-F23E32D81FAE}.Debug|Any CPU.Build.0 = Debug|Any CPU
		{2C751942-FACC-42D8-BE10-F23E32D81FAE}.Release|Any CPU.ActiveCfg = Release|Any CPU
		{2C751942-FACC-42D8-BE10-F23E32D81FAE}.Release|Any CPU.Build.0 = Release|Any CPU
	EndGlobalSection
	GlobalSection(SolutionProperties) = preSolution
		HideSolutionNode = FALSE
	EndGlobalSection
	GlobalSection(ExtensibilityGlobals) = postSolution
		SolutionGuid = {B0971CB5-1CC8-4DFD-9371-790C5A703CE5}
	EndGlobalSection
EndGlobal
